
Microsoft Visual Studio Solution File, Format Version 12.00
# Visual Studio Version 17
VisualStudioVersion = 17.8.34330.188
MinimumVisualStudioVersion = 10.0.40219.1
Project("{9A19103F-16F7-4668-BE54-9A1E7A4F7556}") = "Dot.Domain", "Dot.Domain\Dot.Domain.csproj", "{AF2FFBCA-AB07-4E43-BD42-27B5541B48D2}"
EndProject
Project("{9A19103F-16F7-4668-BE54-9A1E7A4F7556}") = "Dot.Prsentation.ConsoleHelpers", "Dot.ConsoleHelpers\Dot.Prsentation.ConsoleHelpers.csproj", "{E86A55EE-33C2-4331-9386-857BEA87A314}"
EndProject
Project("{9A19103F-16F7-4668-BE54-9A1E7A4F7556}") = "Dot.Presentation.AudioSupport", "Dot.AudioSupport\Dot.Presentation.AudioSupport.csproj", "{6DEA5153-36DC-4BC4-81B2-04F57FC55F13}"
EndProject
Project("{9A19103F-16F7-4668-BE54-9A1E7A4F7556}") = "Dot.Application", "Dot.Application\Dot.Application.csproj", "{189462EC-6D35-4901-A4D8-BB5722DA88FA}"
EndProject
Project("{9A19103F-16F7-4668-BE54-9A1E7A4F7556}") = "Dot.Presentation", "Dot.Presentation\Dot.Presentation.csproj", "{84E85F13-A496-4AA3-B149-CB0DA1055CCA}"
EndProject
Project("{9A19103F-16F7-4668-BE54-9A1E7A4F7556}") = "Dot.Presentation.WindowsNative", "Dot.WindowsNative\Dot.Presentation.WindowsNative.csproj", "{A616B921-E71C-4A7F-9868-69AFC2D3BB20}"
EndProject
Project("{2150E333-8FDC-42A3-9474-1A3956D46DE8}") = "Solution Items", "Solution Items", "{09660DC3-29F7-4592-B5C4-9047B269A70B}"
	ProjectSection(SolutionItems) = preProject
		Directory.Build.props = Directory.Build.props
	EndProjectSection
EndProject
Project("{9A19103F-16F7-4668-BE54-9A1E7A4F7556}") = "Dot.AdventureGame", "Dot.AdventureGame\Dot.AdventureGame.csproj", "{AD89C710-D8D4-4D77-B4C7-75FE6FD913C5}"
EndProject
Project("{9A19103F-16F7-4668-BE54-9A1E7A4F7556}") = "Dot.Demo", "Dot.Demo\Dot.Demo.csproj", "{97272D44-504B-422D-928F-50F0CCBC9C2E}"
EndProject
Project("{9A19103F-16F7-4668-BE54-9A1E7A4F7556}") = "Dot.GameSavesAccess", "Dot.GameStorage.Binary\Dot.GameSavesAccess.csproj", "{944619C8-D290-4278-832C-3DB434C86E3D}"
EndProject
Project("{9A19103F-16F7-4668-BE54-9A1E7A4F7556}") = "Dot.Tests", "Dot.Tests\Dot.Tests.csproj", "{33DFF2AA-ED29-4C04-8A90-29EDA1FA0876}"
EndProject
Project("{9A19103F-16F7-4668-BE54-9A1E7A4F7556}") = "Dot.Setup.MicrosoftDependencyInjection", "Dot.MicrosoftDependencyInjection\Dot.Setup.MicrosoftDependencyInjection.csproj", "{090B77D0-4AB7-4B8D-AF60-1C40BABB741B}"
EndProject
Project("{9A19103F-16F7-4668-BE54-9A1E7A4F7556}") = "Dot.Ports.GameSavesAccess", "Dot.Ports.SaveAccess\Dot.Ports.GameSavesAccess.csproj", "{8134FA14-3C3E-4E16-8E6B-8EC9AF02347F}"
EndProject
Project("{2150E333-8FDC-42A3-9474-1A3956D46DE8}") = "Ports", "Ports", "{1729746B-38CB-4296-A467-9147E1367C94}"
EndProject
Project("{2150E333-8FDC-42A3-9474-1A3956D46DE8}") = "Adapters", "Adapters", "{5AACFF78-6728-4D14-862E-E6BAF36A5317}"
EndProject
Project("{9A19103F-16F7-4668-BE54-9A1E7A4F7556}") = "Dot.GameAccess", "Dot.GameAccess\Dot.GameAccess.csproj", "{C8FF28A9-0950-4170-9F25-8A985D369A0E}"
EndProject
Project("{2150E333-8FDC-42A3-9474-1A3956D46DE8}") = "GameModules", "GameModules", "{D6C42C04-865B-49FA-93A3-8AED5107B720}"
EndProject
Project("{FAE04EC0-301F-11D3-BF4B-00C04F79EFBC}") = "Dot.Ports.PresentationAccess", "Dot.Ports.PresentationAccess\Dot.Ports.PresentationAccess.csproj", "{C23A9E50-AA5D-4E57-ABD5-BE90A08ECA72}"
EndProject
Project("{FAE04EC0-301F-11D3-BF4B-00C04F79EFBC}") = "Dot.GameHosting", "Dot.GameHosting\Dot.GameHosting.csproj", "{238CCE62-0221-4220-8C2E-3AAF509108CA}"
EndProject
Project("{FAE04EC0-301F-11D3-BF4B-00C04F79EFBC}") = "Dot.Setup.Ninject", "Dot.Setup.Ninject\Dot.Setup.Ninject.csproj", "{20E4DA08-03B6-4F94-B15B-C7AC83FD1BF3}"
EndProject
Global
	GlobalSection(SolutionConfigurationPlatforms) = preSolution
		Debug|Any CPU = Debug|Any CPU
		Release|Any CPU = Release|Any CPU
	EndGlobalSection
	GlobalSection(ProjectConfigurationPlatforms) = postSolution
		{AF2FFBCA-AB07-4E43-BD42-27B5541B48D2}.Debug|Any CPU.ActiveCfg = Debug|Any CPU
		{AF2FFBCA-AB07-4E43-BD42-27B5541B48D2}.Debug|Any CPU.Build.0 = Debug|Any CPU
		{AF2FFBCA-AB07-4E43-BD42-27B5541B48D2}.Release|Any CPU.ActiveCfg = Release|Any CPU
		{AF2FFBCA-AB07-4E43-BD42-27B5541B48D2}.Release|Any CPU.Build.0 = Release|Any CPU
		{E86A55EE-33C2-4331-9386-857BEA87A314}.Debug|Any CPU.ActiveCfg = Debug|Any CPU
		{E86A55EE-33C2-4331-9386-857BEA87A314}.Debug|Any CPU.Build.0 = Debug|Any CPU
		{E86A55EE-33C2-4331-9386-857BEA87A314}.Release|Any CPU.ActiveCfg = Release|Any CPU
		{E86A55EE-33C2-4331-9386-857BEA87A314}.Release|Any CPU.Build.0 = Release|Any CPU
		{6DEA5153-36DC-4BC4-81B2-04F57FC55F13}.Debug|Any CPU.ActiveCfg = Debug|Any CPU
		{6DEA5153-36DC-4BC4-81B2-04F57FC55F13}.Debug|Any CPU.Build.0 = Debug|Any CPU
		{6DEA5153-36DC-4BC4-81B2-04F57FC55F13}.Release|Any CPU.ActiveCfg = Release|Any CPU
		{6DEA5153-36DC-4BC4-81B2-04F57FC55F13}.Release|Any CPU.Build.0 = Release|Any CPU
		{189462EC-6D35-4901-A4D8-BB5722DA88FA}.Debug|Any CPU.ActiveCfg = Debug|Any CPU
		{189462EC-6D35-4901-A4D8-BB5722DA88FA}.Debug|Any CPU.Build.0 = Debug|Any CPU
		{189462EC-6D35-4901-A4D8-BB5722DA88FA}.Release|Any CPU.ActiveCfg = Release|Any CPU
		{189462EC-6D35-4901-A4D8-BB5722DA88FA}.Release|Any CPU.Build.0 = Release|Any CPU
		{84E85F13-A496-4AA3-B149-CB0DA1055CCA}.Debug|Any CPU.ActiveCfg = Debug|Any CPU
		{84E85F13-A496-4AA3-B149-CB0DA1055CCA}.Debug|Any CPU.Build.0 = Debug|Any CPU
		{84E85F13-A496-4AA3-B149-CB0DA1055CCA}.Release|Any CPU.ActiveCfg = Release|Any CPU
		{84E85F13-A496-4AA3-B149-CB0DA1055CCA}.Release|Any CPU.Build.0 = Release|Any CPU
		{A616B921-E71C-4A7F-9868-69AFC2D3BB20}.Debug|Any CPU.ActiveCfg = Debug|Any CPU
		{A616B921-E71C-4A7F-9868-69AFC2D3BB20}.Debug|Any CPU.Build.0 = Debug|Any CPU
		{A616B921-E71C-4A7F-9868-69AFC2D3BB20}.Release|Any CPU.ActiveCfg = Release|Any CPU
		{A616B921-E71C-4A7F-9868-69AFC2D3BB20}.Release|Any CPU.Build.0 = Release|Any CPU
		{AD89C710-D8D4-4D77-B4C7-75FE6FD913C5}.Debug|Any CPU.ActiveCfg = Debug|Any CPU
		{AD89C710-D8D4-4D77-B4C7-75FE6FD913C5}.Debug|Any CPU.Build.0 = Debug|Any CPU
		{AD89C710-D8D4-4D77-B4C7-75FE6FD913C5}.Release|Any CPU.ActiveCfg = Release|Any CPU
		{AD89C710-D8D4-4D77-B4C7-75FE6FD913C5}.Release|Any CPU.Build.0 = Release|Any CPU
		{97272D44-504B-422D-928F-50F0CCBC9C2E}.Debug|Any CPU.ActiveCfg = Debug|Any CPU
		{97272D44-504B-422D-928F-50F0CCBC9C2E}.Debug|Any CPU.Build.0 = Debug|Any CPU
		{97272D44-504B-422D-928F-50F0CCBC9C2E}.Release|Any CPU.ActiveCfg = Release|Any CPU
		{97272D44-504B-422D-928F-50F0CCBC9C2E}.Release|Any CPU.Build.0 = Release|Any CPU
		{944619C8-D290-4278-832C-3DB434C86E3D}.Debug|Any CPU.ActiveCfg = Debug|Any CPU
		{944619C8-D290-4278-832C-3DB434C86E3D}.Debug|Any CPU.Build.0 = Debug|Any CPU
		{944619C8-D290-4278-832C-3DB434C86E3D}.Release|Any CPU.ActiveCfg = Release|Any CPU
		{944619C8-D290-4278-832C-3DB434C86E3D}.Release|Any CPU.Build.0 = Release|Any CPU
		{33DFF2AA-ED29-4C04-8A90-29EDA1FA0876}.Debug|Any CPU.ActiveCfg = Debug|Any CPU
		{33DFF2AA-ED29-4C04-8A90-29EDA1FA0876}.Debug|Any CPU.Build.0 = Debug|Any CPU
		{33DFF2AA-ED29-4C04-8A90-29EDA1FA0876}.Release|Any CPU.ActiveCfg = Release|Any CPU
		{33DFF2AA-ED29-4C04-8A90-29EDA1FA0876}.Release|Any CPU.Build.0 = Release|Any CPU
		{090B77D0-4AB7-4B8D-AF60-1C40BABB741B}.Debug|Any CPU.ActiveCfg = Debug|Any CPU
		{090B77D0-4AB7-4B8D-AF60-1C40BABB741B}.Debug|Any CPU.Build.0 = Debug|Any CPU
		{090B77D0-4AB7-4B8D-AF60-1C40BABB741B}.Release|Any CPU.ActiveCfg = Release|Any CPU
		{090B77D0-4AB7-4B8D-AF60-1C40BABB741B}.Release|Any CPU.Build.0 = Release|Any CPU
		{8134FA14-3C3E-4E16-8E6B-8EC9AF02347F}.Debug|Any CPU.ActiveCfg = Debug|Any CPU
		{8134FA14-3C3E-4E16-8E6B-8EC9AF02347F}.Debug|Any CPU.Build.0 = Debug|Any CPU
		{8134FA14-3C3E-4E16-8E6B-8EC9AF02347F}.Release|Any CPU.ActiveCfg = Release|Any CPU
		{8134FA14-3C3E-4E16-8E6B-8EC9AF02347F}.Release|Any CPU.Build.0 = Release|Any CPU
		{C8FF28A9-0950-4170-9F25-8A985D369A0E}.Debug|Any CPU.ActiveCfg = Debug|Any CPU
		{C8FF28A9-0950-4170-9F25-8A985D369A0E}.Debug|Any CPU.Build.0 = Debug|Any CPU
		{C8FF28A9-0950-4170-9F25-8A985D369A0E}.Release|Any CPU.ActiveCfg = Release|Any CPU
		{C8FF28A9-0950-4170-9F25-8A985D369A0E}.Release|Any CPU.Build.0 = Release|Any CPU
		{C23A9E50-AA5D-4E57-ABD5-BE90A08ECA72}.Debug|Any CPU.ActiveCfg = Debug|Any CPU
		{C23A9E50-AA5D-4E57-ABD5-BE90A08ECA72}.Debug|Any CPU.Build.0 = Debug|Any CPU
		{C23A9E50-AA5D-4E57-ABD5-BE90A08ECA72}.Release|Any CPU.ActiveCfg = Release|Any CPU
		{C23A9E50-AA5D-4E57-ABD5-BE90A08ECA72}.Release|Any CPU.Build.0 = Release|Any CPU
		{238CCE62-0221-4220-8C2E-3AAF509108CA}.Debug|Any CPU.ActiveCfg = Debug|Any CPU
		{238CCE62-0221-4220-8C2E-3AAF509108CA}.Debug|Any CPU.Build.0 = Debug|Any CPU
		{238CCE62-0221-4220-8C2E-3AAF509108CA}.Release|Any CPU.ActiveCfg = Release|Any CPU
		{238CCE62-0221-4220-8C2E-3AAF509108CA}.Release|Any CPU.Build.0 = Release|Any CPU
		{20E4DA08-03B6-4F94-B15B-C7AC83FD1BF3}.Debug|Any CPU.ActiveCfg = Debug|Any CPU
		{20E4DA08-03B6-4F94-B15B-C7AC83FD1BF3}.Debug|Any CPU.Build.0 = Debug|Any CPU
		{20E4DA08-03B6-4F94-B15B-C7AC83FD1BF3}.Release|Any CPU.ActiveCfg = Release|Any CPU
		{20E4DA08-03B6-4F94-B15B-C7AC83FD1BF3}.Release|Any CPU.Build.0 = Release|Any CPU
	EndGlobalSection
	GlobalSection(SolutionProperties) = preSolution
		HideSolutionNode = FALSE
	EndGlobalSection
	GlobalSection(NestedProjects) = preSolution
		{AD89C710-D8D4-4D77-B4C7-75FE6FD913C5} = {D6C42C04-865B-49FA-93A3-8AED5107B720}
		{944619C8-D290-4278-832C-3DB434C86E3D} = {5AACFF78-6728-4D14-862E-E6BAF36A5317}
		{8134FA14-3C3E-4E16-8E6B-8EC9AF02347F} = {1729746B-38CB-4296-A467-9147E1367C94}
		{C8FF28A9-0950-4170-9F25-8A985D369A0E} = {5AACFF78-6728-4D14-862E-E6BAF36A5317}
		{C23A9E50-AA5D-4E57-ABD5-BE90A08ECA72} = {1729746B-38CB-4296-A467-9147E1367C94}
	EndGlobalSection
	GlobalSection(ExtensibilityGlobals) = postSolution
		SolutionGuid = {337FF7E9-B5A4-4D8E-953F-FB64A69C238D}
	EndGlobalSection
EndGlobal
